
Microsoft Visual Studio Solution File, Format Version 12.00
# Visual Studio Version 17
VisualStudioVersion = 17.2.32630.192
MinimumVisualStudioVersion = 10.0.40219.1
Project("{FAE04EC0-301F-11D3-BF4B-00C04F79EFBC}") = "WebAPIMongo", "WebAPIMongo\WebAPIMongo.csproj", "{301B2B1A-764D-43F8-BB2D-6E370651D0CE}"
EndProject
Global
	GlobalSection(SolutionConfigurationPlatforms) = preSolution
		Debug|Any CPU = Debug|Any CPU
		Release|Any CPU = Release|Any CPU
	EndGlobalSection
	GlobalSection(ProjectConfigurationPlatforms) = postSolution
		{301B2B1A-764D-43F8-BB2D-6E370651D0CE}.Debug|Any CPU.ActiveCfg = Debug|Any CPU
		{301B2B1A-764D-43F8-BB2D-6E370651D0CE}.Debug|Any CPU.Build.0 = Debug|Any CPU
		{301B2B1A-764D-43F8-BB2D-6E370651D0CE}.Release|Any CPU.ActiveCfg = Release|Any CPU
		{301B2B1A-764D-43F8-BB2D-6E370651D0CE}.Release|Any CPU.Build.0 = Release|Any CPU
	EndGlobalSection
	GlobalSection(SolutionProperties) = preSolution
		HideSolutionNode = FALSE
	EndGlobalSection
	GlobalSection(ExtensibilityGlobals) = postSolution
		SolutionGuid = {5F277D7F-691B-49CC-881E-E3C38DC7C79C}
	EndGlobalSection
EndGlobal
